
Microsoft Visual Studio Solution File, Format Version 12.00
# Visual Studio Version 16
VisualStudioVersion = 16.0.810.14
MinimumVisualStudioVersion = 10.0.40219.1
Project("{FAE04EC0-301F-11D3-BF4B-00C04F79EFBC}") = "proj_studyno_http", "proj_studyno_http\proj_studyno_http.csproj", "{EA8A59D0-A23A-4C28-88D7-988D7EE6A96C}"
EndProject
Project("{FAE04EC0-301F-11D3-BF4B-00C04F79EFBC}") = "proj_studyno_http.core", "proj_studyno_http.core\proj_studyno_http.core.csproj", "{FD2602D7-9838-4735-820E-FD400DC3C6F4}"
EndProject
Project("{FAE04EC0-301F-11D3-BF4B-00C04F79EFBC}") = "proj_studyno_http.data", "proj_studyno_http.data\proj_studyno_http.data.csproj", "{8E6B5A80-C560-4FE2-B5FF-CAA2A0BC81AF}"
EndProject
Global
	GlobalSection(SolutionConfigurationPlatforms) = preSolution
		Debug|Any CPU = Debug|Any CPU
		Release|Any CPU = Release|Any CPU
	EndGlobalSection
	GlobalSection(ProjectConfigurationPlatforms) = postSolution
		{EA8A59D0-A23A-4C28-88D7-988D7EE6A96C}.Debug|Any CPU.ActiveCfg = Debug|Any CPU
		{EA8A59D0-A23A-4C28-88D7-988D7EE6A96C}.Debug|Any CPU.Build.0 = Debug|Any CPU
		{EA8A59D0-A23A-4C28-88D7-988D7EE6A96C}.Release|Any CPU.ActiveCfg = Release|Any CPU
		{EA8A59D0-A23A-4C28-88D7-988D7EE6A96C}.Release|Any CPU.Build.0 = Release|Any CPU
		{FD2602D7-9838-4735-820E-FD400DC3C6F4}.Debug|Any CPU.ActiveCfg = Debug|Any CPU
		{FD2602D7-9838-4735-820E-FD400DC3C6F4}.Debug|Any CPU.Build.0 = Debug|Any CPU
		{FD2602D7-9838-4735-820E-FD400DC3C6F4}.Release|Any CPU.ActiveCfg = Release|Any CPU
		{FD2602D7-9838-4735-820E-FD400DC3C6F4}.Release|Any CPU.Build.0 = Release|Any CPU
		{8E6B5A80-C560-4FE2-B5FF-CAA2A0BC81AF}.Debug|Any CPU.ActiveCfg = Debug|Any CPU
		{8E6B5A80-C560-4FE2-B5FF-CAA2A0BC81AF}.Debug|Any CPU.Build.0 = Debug|Any CPU
		{8E6B5A80-C560-4FE2-B5FF-CAA2A0BC81AF}.Release|Any CPU.ActiveCfg = Release|Any CPU
		{8E6B5A80-C560-4FE2-B5FF-CAA2A0BC81AF}.Release|Any CPU.Build.0 = Release|Any CPU
	EndGlobalSection
	GlobalSection(SolutionProperties) = preSolution
		HideSolutionNode = FALSE
	EndGlobalSection
	GlobalSection(ExtensibilityGlobals) = postSolution
		SolutionGuid = {81035FE4-985D-4676-9431-C19840745DE9}
	EndGlobalSection
EndGlobal
